
Microsoft Visual Studio Solution File, Format Version 12.00
# Visual Studio Version 16
VisualStudioVersion = 16.0.33214.272
MinimumVisualStudioVersion = 10.0.40219.1
Project("{FAE04EC0-301F-11D3-BF4B-00C04F79EFBC}") = "GerenciadorSquad", "GerenciadorSquad\GerenciadorSquad.csproj", "{5FEBE25F-83DC-4D0C-8519-2660C51C1305}"
EndProject
Global
	GlobalSection(SolutionConfigurationPlatforms) = preSolution
		Debug|Any CPU = Debug|Any CPU
		Release|Any CPU = Release|Any CPU
	EndGlobalSection
	GlobalSection(ProjectConfigurationPlatforms) = postSolution
		{5FEBE25F-83DC-4D0C-8519-2660C51C1305}.Debug|Any CPU.ActiveCfg = Debug|Any CPU
		{5FEBE25F-83DC-4D0C-8519-2660C51C1305}.Debug|Any CPU.Build.0 = Debug|Any CPU
		{5FEBE25F-83DC-4D0C-8519-2660C51C1305}.Release|Any CPU.ActiveCfg = Release|Any CPU
		{5FEBE25F-83DC-4D0C-8519-2660C51C1305}.Release|Any CPU.Build.0 = Release|Any CPU
	EndGlobalSection
	GlobalSection(SolutionProperties) = preSolution
		HideSolutionNode = FALSE
	EndGlobalSection
	GlobalSection(ExtensibilityGlobals) = postSolution
		SolutionGuid = {5F35BD40-511F-434A-84FA-9BBFED03BE96}
	EndGlobalSection
EndGlobal
